<?xml version="1.0" encoding="utf-8"?>
<Project ToolsVersion="4.0" xmlns="http://schemas.microsoft.com/developer/msbuild/2003">
  <ItemGroup>
    <Filter Include="소스 파일">
      <UniqueIdentifier>{4FC737F1-C7A5-4376-A066-2A32D752A2FF}</UniqueIdentifier>
      <Extensions>cpp;c;cc;cxx;def;odl;idl;hpj;bat;asm;asmx</Extensions>
    </Filter>
    <Filter Include="헤더 파일">
      <UniqueIdentifier>{93995380-89BD-4b04-88EB-625FBE52EBFB}</UniqueIdentifier>
      <Extensions>h;hpp;hxx;hm;inl;inc;xsd</Extensions>
    </Filter>
    <Filter Include="리소스 파일">
      <UniqueIdentifier>{67DA6AB6-F800-4c08-8B7A-83BB121AAD01}</UniqueIdentifier>
      <Extensions>rc;ico;cur;bmp;dlg;rc2;rct;bin;rgs;gif;jpg;jpeg;jpe;resx;tiff;tif;png;wav;mfcribbon-ms</Extensions>
    </Filter>
    <Filter Include="Lib">
      <UniqueIdentifier>{e805a893-7722-4d2d-8bd3-9f4c298503ef}</UniqueIdentifier>
    </Filter>
  </ItemGroup>
  <ItemGroup>
    <None Include="ReadMe.txt" />
    <None Include="CherryCtrl.def">
      <Filter>소스 파일</Filter>
    </None>
    <None Include="res\CherryCtrl.rc2">
      <Filter>리소스 파일</Filter>
    </None>
  </ItemGroup>
  <ItemGroup>
    <ClCompile Include="CherryCtrl.cpp">
      <Filter>소스 파일</Filter>
    </ClCompile>
    <ClCompile Include="dllmain.cpp">
      <Filter>소스 파일</Filter>
    </ClCompile>
    <ClCompile Include="stdafx.cpp">
      <Filter>소스 파일</Filter>
    </ClCompile>
    <ClCompile Include="CherryDialog.cpp">
      <Filter>소스 파일</Filter>
    </ClCompile>
    <ClCompile Include="CherryEdit.cpp">
      <Filter>소스 파일</Filter>
    </ClCompile>
    <ClCompile Include="CherryFont.cpp">
      <Filter>소스 파일</Filter>
    </ClCompile>
    <ClCompile Include="CherryFontByStatus.cpp">
      <Filter>소스 파일</Filter>
    </ClCompile>
    <ClCompile Include="CherryImage.cpp">
      <Filter>소스 파일</Filter>
    </ClCompile>
    <ClCompile Include="CherryImageCtrl.cpp">
      <Filter>소스 파일</Filter>
    </ClCompile>
    <ClCompile Include="CherryImageList.cpp">
      <Filter>소스 파일</Filter>
    </ClCompile>
    <ClCompile Include="CherryLinkCtrl.cpp">
      <Filter>소스 파일</Filter>
    </ClCompile>
    <ClCompile Include="CherryNotificationIcon.cpp">
      <Filter>소스 파일</Filter>
    </ClCompile>
    <ClCompile Include="CherryProgressCtrl.cpp">
      <Filter>소스 파일</Filter>
    </ClCompile>
    <ClCompile Include="CherryRadioButton.cpp">
      <Filter>소스 파일</Filter>
    </ClCompile>
    <ClCompile Include="CherrySliderCtrl.cpp">
      <Filter>소스 파일</Filter>
    </ClCompile>
    <ClCompile Include="CherryStatic.cpp">
      <Filter>소스 파일</Filter>
    </ClCompile>
    <ClCompile Include="CherryToggleButton.cpp">
      <Filter>소스 파일</Filter>
    </ClCompile>
    <ClCompile Include="CherryAnimateImageCtrl.cpp">
      <Filter>소스 파일</Filter>
    </ClCompile>
    <ClCompile Include="CherryButton.cpp">
      <Filter>소스 파일</Filter>
    </ClCompile>
    <ClCompile Include="CherryCheckBox.cpp">
      <Filter>소스 파일</Filter>
    </ClCompile>
    <ClCompile Include="CherryComboBox.cpp">
      <Filter>소스 파일</Filter>
    </ClCompile>
    <ClCompile Include="CherryNotificationDialog.cpp">
      <Filter>소스 파일</Filter>
    </ClCompile>
    <ClCompile Include="CherryListCtrl.cpp">
      <Filter>소스 파일</Filter>
    </ClCompile>
    <ClCompile Include="CherryHeaderCtrl.cpp">
      <Filter>소스 파일</Filter>
    </ClCompile>
    <ClCompile Include="CherryTabCtrl.cpp">
      <Filter>소스 파일</Filter>
    </ClCompile>
    <ClCompile Include="CherryWnd.cpp">
      <Filter>소스 파일</Filter>
    </ClCompile>
    <ClCompile Include="CherryMessageBox.cpp">
      <Filter>소스 파일</Filter>
    </ClCompile>
    <ClCompile Include="CherryMemDC.cpp">
      <Filter>소스 파일</Filter>
    </ClCompile>
    <ClCompile Include="CherryEditBackWnd.cpp">
      <Filter>소스 파일</Filter>
    </ClCompile>
    <ClCompile Include="CherryTabCtrlBackWnd.cpp">
      <Filter>소스 파일</Filter>
    </ClCompile>
  </ItemGroup>
  <ItemGroup>
    <ClInclude Include="stdafx.h">
      <Filter>헤더 파일</Filter>
    </ClInclude>
    <ClInclude Include="targetver.h">
      <Filter>헤더 파일</Filter>
    </ClInclude>
    <ClInclude Include="Resource.h">
      <Filter>헤더 파일</Filter>
    </ClInclude>
    <ClInclude Include="CherryAnimateImageCtrl.h">
      <Filter>헤더 파일</Filter>
    </ClInclude>
    <ClInclude Include="CherryButton.h">
      <Filter>헤더 파일</Filter>
    </ClInclude>
    <ClInclude Include="CherryCheckBox.h">
      <Filter>헤더 파일</Filter>
    </ClInclude>
    <ClInclude Include="CherryComboBox.h">
      <Filter>헤더 파일</Filter>
    </ClInclude>
    <ClInclude Include="CherryDialog.h">
      <Filter>헤더 파일</Filter>
    </ClInclude>
    <ClInclude Include="CherryEdit.h">
      <Filter>헤더 파일</Filter>
    </ClInclude>
    <ClInclude Include="CherryException.h">
      <Filter>헤더 파일</Filter>
    </ClInclude>
    <ClInclude Include="CherryFont.h">
      <Filter>헤더 파일</Filter>
    </ClInclude>
    <ClInclude Include="CherryFontByStatus.h">
      <Filter>헤더 파일</Filter>
    </ClInclude>
    <ClInclude Include="CherryImage.h">
      <Filter>헤더 파일</Filter>
    </ClInclude>
    <ClInclude Include="CherryImageCtrl.h">
      <Filter>헤더 파일</Filter>
    </ClInclude>
    <ClInclude Include="CherryImageList.h">
      <Filter>헤더 파일</Filter>
    </ClInclude>
    <ClInclude Include="CherryLinkCtrl.h">
      <Filter>헤더 파일</Filter>
    </ClInclude>
    <ClInclude Include="CherryNotificationIcon.h">
      <Filter>헤더 파일</Filter>
    </ClInclude>
    <ClInclude Include="CherryProgressCtrl.h">
      <Filter>헤더 파일</Filter>
    </ClInclude>
    <ClInclude Include="CherryRadioButton.h">
      <Filter>헤더 파일</Filter>
    </ClInclude>
    <ClInclude Include="CherrySliderCtrl.h">
      <Filter>헤더 파일</Filter>
    </ClInclude>
    <ClInclude Include="CherryStatic.h">
      <Filter>헤더 파일</Filter>
    </ClInclude>
    <ClInclude Include="CherryToggleButton.h">
      <Filter>헤더 파일</Filter>
    </ClInclude>
    <ClInclude Include="CherryNotificationDialog.h">
      <Filter>헤더 파일</Filter>
    </ClInclude>
    <ClInclude Include="CherryListCtrl.h">
      <Filter>헤더 파일</Filter>
    </ClInclude>
    <ClInclude Include="CherryHeaderCtrl.h">
      <Filter>헤더 파일</Filter>
    </ClInclude>
    <ClInclude Include="CherryTabCtrl.h">
      <Filter>헤더 파일</Filter>
    </ClInclude>
    <ClInclude Include="CherryWnd.h">
      <Filter>헤더 파일</Filter>
    </ClInclude>
    <ClInclude Include="CherryMessageBox.h">
      <Filter>헤더 파일</Filter>
    </ClInclude>
    <ClInclude Include="..\CherryUtil\CherryUtil.h">
      <Filter>Lib</Filter>
    </ClInclude>
    <ClInclude Include="CherryMemDC.h">
      <Filter>헤더 파일</Filter>
    </ClInclude>
    <ClInclude Include="CherryEditBackWnd.h">
      <Filter>헤더 파일</Filter>
    </ClInclude>
    <ClInclude Include="CherryTabCtrlBackWnd.h">
      <Filter>헤더 파일</Filter>
    </ClInclude>
  </ItemGroup>
  <ItemGroup>
    <ResourceCompile Include="CherryCtrl.rc">
      <Filter>리소스 파일</Filter>
    </ResourceCompile>
  </ItemGroup>
</Project>